// !$*UTF8*$!
{
	archiveVersion = 1;
	classes = {
	};
	objectVersion = 56;
	objects = {

/* Begin PBXBuildFile section */
		AE63A05E2BF10DC300EEFFAF /* HikeDetailView.swift in Sources */ = {isa = PBXBuildFile; fileRef = AE63A05D2BF10DC300EEFFAF /* HikeDetailView.swift */; };
		AEE365732BE8320D00D098A0 /* HikingApp.swift in Sources */ = {isa = PBXBuildFile; fileRef = AEE365722BE8320D00D098A0 /* HikingApp.swift */; };
		AEE365752BE8324B00D098A0 /* HikeModel.swift in Sources */ = {isa = PBXBuildFile; fileRef = AEE365742BE8324B00D098A0 /* HikeModel.swift */; };
		AEEA36222BE7DF1C003DCEB0 /* iOSDevelopmentBootcampApp.swift in Sources */ = {isa = PBXBuildFile; fileRef = AEEA36212BE7DF1C003DCEB0 /* iOSDevelopmentBootcampApp.swift */; };
		AEEA36242BE7DF1C003DCEB0 /* ContentView.swift in Sources */ = {isa = PBXBuildFile; fileRef = AEEA36232BE7DF1C003DCEB0 /* ContentView.swift */; };
		AEEA36262BE7DF1C003DCEB0 /* Item.swift in Sources */ = {isa = PBXBuildFile; fileRef = AEEA36252BE7DF1C003DCEB0 /* Item.swift */; };
		AEEA36282BE7DF1E003DCEB0 /* Assets.xcassets in Resources */ = {isa = PBXBuildFile; fileRef = AEEA36272BE7DF1E003DCEB0 /* Assets.xcassets */; };
		AEEA362C2BE7DF1E003DCEB0 /* Preview Assets.xcassets in Resources */ = {isa = PBXBuildFile; fileRef = AEEA362B2BE7DF1E003DCEB0 /* Preview Assets.xcassets */; };
		AEEA36352BE7DF9E003DCEB0 /* HelloSwiftUi.swift in Sources */ = {isa = PBXBuildFile; fileRef = AEEA36342BE7DF9E003DCEB0 /* HelloSwiftUi.swift */; };
		AEF5EA6B2BF127130046F85D /* StateAndBinding.swift in Sources */ = {isa = PBXBuildFile; fileRef = AEF5EA6A2BF127120046F85D /* StateAndBinding.swift */; };
		AEF5EA6D2BF1552F0046F85D /* AnotherExampleForState.swift in Sources */ = {isa = PBXBuildFile; fileRef = AEF5EA6C2BF1552F0046F85D /* AnotherExampleForState.swift */; };
		AEF5EA6F2BF157BA0046F85D /* ListInSwiftUi.swift in Sources */ = {isa = PBXBuildFile; fileRef = AEF5EA6E2BF157BA0046F85D /* ListInSwiftUi.swift */; };
		AEF5EA712BF15E5C0046F85D /* BindingProperty.swift in Sources */ = {isa = PBXBuildFile; fileRef = AEF5EA702BF15E5C0046F85D /* BindingProperty.swift */; };
		AEF5EA732BF1646E0046F85D /* GptBindingProperty.swift in Sources */ = {isa = PBXBuildFile; fileRef = AEF5EA722BF1646E0046F85D /* GptBindingProperty.swift */; };
/* End PBXBuildFile section */

/* Begin PBXFileReference section */
		AE63A05D2BF10DC300EEFFAF /* HikeDetailView.swift */ = {isa = PBXFileReference; lastKnownFileType = sourcecode.swift; path = HikeDetailView.swift; sourceTree = "<group>"; };
		AEE365722BE8320D00D098A0 /* HikingApp.swift */ = {isa = PBXFileReference; lastKnownFileType = sourcecode.swift; path = HikingApp.swift; sourceTree = "<group>"; };
		AEE365742BE8324B00D098A0 /* HikeModel.swift */ = {isa = PBXFileReference; lastKnownFileType = sourcecode.swift; path = HikeModel.swift; sourceTree = "<group>"; };
		AEEA361E2BE7DF1C003DCEB0 /* iOSDevelopmentBootcamp.app */ = {isa = PBXFileReference; explicitFileType = wrapper.application; includeInIndex = 0; path = iOSDevelopmentBootcamp.app; sourceTree = BUILT_PRODUCTS_DIR; };
		AEEA36212BE7DF1C003DCEB0 /* iOSDevelopmentBootcampApp.swift */ = {isa = PBXFileReference; lastKnownFileType = sourcecode.swift; path = iOSDevelopmentBootcampApp.swift; sourceTree = "<group>"; };
		AEEA36232BE7DF1C003DCEB0 /* ContentView.swift */ = {isa = PBXFileReference; lastKnownFileType = sourcecode.swift; path = ContentView.swift; sourceTree = "<group>"; };
		AEEA36252BE7DF1C003DCEB0 /* Item.swift */ = {isa = PBXFileReference; lastKnownFileType = sourcecode.swift; path = Item.swift; sourceTree = "<group>"; };
		AEEA36272BE7DF1E003DCEB0 /* Assets.xcassets */ = {isa = PBXFileReference; lastKnownFileType = folder.assetcatalog; path = Assets.xcassets; sourceTree = "<group>"; };
		AEEA36292BE7DF1E003DCEB0 /* iOSDevelopmentBootcamp.entitlements */ = {isa = PBXFileReference; lastKnownFileType = text.plist.entitlements; path = iOSDevelopmentBootcamp.entitlements; sourceTree = "<group>"; };
		AEEA362B2BE7DF1E003DCEB0 /* Preview Assets.xcassets */ = {isa = PBXFileReference; lastKnownFileType = folder.assetcatalog; path = "Preview Assets.xcassets"; sourceTree = "<group>"; };
		AEEA36342BE7DF9E003DCEB0 /* HelloSwiftUi.swift */ = {isa = PBXFileReference; lastKnownFileType = sourcecode.swift; path = HelloSwiftUi.swift; sourceTree = "<group>"; };
		AEF5EA6A2BF127120046F85D /* StateAndBinding.swift */ = {isa = PBXFileReference; lastKnownFileType = sourcecode.swift; path = StateAndBinding.swift; sourceTree = "<group>"; };
		AEF5EA6C2BF1552F0046F85D /* AnotherExampleForState.swift */ = {isa = PBXFileReference; lastKnownFileType = sourcecode.swift; path = AnotherExampleForState.swift; sourceTree = "<group>"; };
		AEF5EA6E2BF157BA0046F85D /* ListInSwiftUi.swift */ = {isa = PBXFileReference; lastKnownFileType = sourcecode.swift; path = ListInSwiftUi.swift; sourceTree = "<group>"; };
		AEF5EA702BF15E5C0046F85D /* BindingProperty.swift */ = {isa = PBXFileReference; lastKnownFileType = sourcecode.swift; path = BindingProperty.swift; sourceTree = "<group>"; };
		AEF5EA722BF1646E0046F85D /* GptBindingProperty.swift */ = {isa = PBXFileReference; lastKnownFileType = sourcecode.swift; path = GptBindingProperty.swift; sourceTree = "<group>"; };
/* End PBXFileReference section */

/* Begin PBXFrameworksBuildPhase section */
		AEEA361B2BE7DF1C003DCEB0 /* Frameworks */ = {
			isa = PBXFrameworksBuildPhase;
			buildActionMask = 2147483647;
			files = (
			);
			runOnlyForDeploymentPostprocessing = 0;
		};
/* End PBXFrameworksBuildPhase section */

/* Begin PBXGroup section */
		AEE365712BE831E000D098A0 /* Capture3 */ = {
			isa = PBXGroup;
			children = (
				AEE365722BE8320D00D098A0 /* HikingApp.swift */,
				AEE365742BE8324B00D098A0 /* HikeModel.swift */,
				AE63A05D2BF10DC300EEFFAF /* HikeDetailView.swift */,
			);
			path = Capture3;
			sourceTree = "<group>";
		};
		AEEA36152BE7DF1C003DCEB0 = {
			isa = PBXGroup;
			children = (
				AEEA36202BE7DF1C003DCEB0 /* iOSDevelopmentBootcamp */,
				AEEA361F2BE7DF1C003DCEB0 /* Products */,
			);
			sourceTree = "<group>";
		};
		AEEA361F2BE7DF1C003DCEB0 /* Products */ = {
			isa = PBXGroup;
			children = (
				AEEA361E2BE7DF1C003DCEB0 /* iOSDevelopmentBootcamp.app */,
			);
			name = Products;
			sourceTree = "<group>";
		};
		AEEA36202BE7DF1C003DCEB0 /* iOSDevelopmentBootcamp */ = {
			isa = PBXGroup;
			children = (
				AEF5EA692BF126F40046F85D /* Capture4 */,
				AEE365712BE831E000D098A0 /* Capture3 */,
				AEEA36332BE7DF8E003DCEB0 /* Capture2 */,
				AEEA36322BE7DF44003DCEB0 /* SwiftDataPackage */,
				AEEA36212BE7DF1C003DCEB0 /* iOSDevelopmentBootcampApp.swift */,
				AEEA36232BE7DF1C003DCEB0 /* ContentView.swift */,
				AEEA36272BE7DF1E003DCEB0 /* Assets.xcassets */,
				AEEA36292BE7DF1E003DCEB0 /* iOSDevelopmentBootcamp.entitlements */,
				AEEA362A2BE7DF1E003DCEB0 /* Preview Content */,
			);
			path = iOSDevelopmentBootcamp;
			sourceTree = "<group>";
		};
		AEEA362A2BE7DF1E003DCEB0 /* Preview Content */ = {
			isa = PBXGroup;
			children = (
				AEEA362B2BE7DF1E003DCEB0 /* Preview Assets.xcassets */,
			);
			path = "Preview Content";
			sourceTree = "<group>";
		};
		AEEA36322BE7DF44003DCEB0 /* SwiftDataPackage */ = {
			isa = PBXGroup;
			children = (
				AEEA36252BE7DF1C003DCEB0 /* Item.swift */,
			);
			path = SwiftDataPackage;
			sourceTree = "<group>";
		};
		AEEA36332BE7DF8E003DCEB0 /* Capture2 */ = {
			isa = PBXGroup;
			children = (
				AEEA36342BE7DF9E003DCEB0 /* HelloSwiftUi.swift */,
			);
			path = Capture2;
			sourceTree = "<group>";
		};
		AEF5EA692BF126F40046F85D /* Capture4 */ = {
			isa = PBXGroup;
			children = (
				AEF5EA6A2BF127120046F85D /* StateAndBinding.swift */,
				AEF5EA6C2BF1552F0046F85D /* AnotherExampleForState.swift */,
				AEF5EA6E2BF157BA0046F85D /* ListInSwiftUi.swift */,
				AEF5EA702BF15E5C0046F85D /* BindingProperty.swift */,
				AEF5EA722BF1646E0046F85D /* GptBindingProperty.swift */,
			);
			path = Capture4;
			sourceTree = "<group>";
		};
/* End PBXGroup section */

/* Begin PBXNativeTarget section */
		AEEA361D2BE7DF1C003DCEB0 /* iOSDevelopmentBootcamp */ = {
			isa = PBXNativeTarget;
			buildConfigurationList = AEEA362F2BE7DF1E003DCEB0 /* Build configuration list for PBXNativeTarget "iOSDevelopmentBootcamp" */;
			buildPhases = (
				AEEA361A2BE7DF1C003DCEB0 /* Sources */,
				AEEA361B2BE7DF1C003DCEB0 /* Frameworks */,
				AEEA361C2BE7DF1C003DCEB0 /* Resources */,
			);
			buildRules = (
			);
			dependencies = (
			);
			name = iOSDevelopmentBootcamp;
			productName = iOSDevelopmentBootcamp;
			productReference = AEEA361E2BE7DF1C003DCEB0 /* iOSDevelopmentBootcamp.app */;
			productType = "com.apple.product-type.application";
		};
/* End PBXNativeTarget section */

/* Begin PBXProject section */
		AEEA36162BE7DF1C003DCEB0 /* Project object */ = {
			isa = PBXProject;
			attributes = {
				BuildIndependentTargetsInParallel = 1;
				LastSwiftUpdateCheck = 1530;
				LastUpgradeCheck = 1530;
				TargetAttributes = {
					AEEA361D2BE7DF1C003DCEB0 = {
						CreatedOnToolsVersion = 15.3;
					};
				};
			};
			buildConfigurationList = AEEA36192BE7DF1C003DCEB0 /* Build configuration list for PBXProject "iOSDevelopmentBootcamp" */;
			compatibilityVersion = "Xcode 14.0";
			developmentRegion = en;
			hasScannedForEncodings = 0;
			knownRegions = (
				en,
				Base,
			);
			mainGroup = AEEA36152BE7DF1C003DCEB0;
			productRefGroup = AEEA361F2BE7DF1C003DCEB0 /* Products */;
			projectDirPath = "";
			projectRoot = "";
			targets = (
				AEEA361D2BE7DF1C003DCEB0 /* iOSDevelopmentBootcamp */,
			);
		};
/* End PBXProject section */

/* Begin PBXResourcesBuildPhase section */
		AEEA361C2BE7DF1C003DCEB0 /* Resources */ = {
			isa = PBXResourcesBuildPhase;
			buildActionMask = 2147483647;
			files = (
				AEEA362C2BE7DF1E003DCEB0 /* Preview Assets.xcassets in Resources */,
				AEEA36282BE7DF1E003DCEB0 /* Assets.xcassets in Resources */,
			);
			runOnlyForDeploymentPostprocessing = 0;
		};
/* End PBXResourcesBuildPhase section */

/* Begin PBXSourcesBuildPhase section */
		AEEA361A2BE7DF1C003DCEB0 /* Sources */ = {
			isa = PBXSourcesBuildPhase;
			buildActionMask = 2147483647;
			files = (
				AEEA36352BE7DF9E003DCEB0 /* HelloSwiftUi.swift in Sources */,
				AEE365732BE8320D00D098A0 /* HikingApp.swift in Sources */,
				AE63A05E2BF10DC300EEFFAF /* HikeDetailView.swift in Sources */,
				AEF5EA712BF15E5C0046F85D /* BindingProperty.swift in Sources */,
				AEE365752BE8324B00D098A0 /* HikeModel.swift in Sources */,
				AEEA36242BE7DF1C003DCEB0 /* ContentView.swift in Sources */,
				AEF5EA732BF1646E0046F85D /* GptBindingProperty.swift in Sources */,
				AEEA36262BE7DF1C003DCEB0 /* Item.swift in Sources */,
				AEF5EA6F2BF157BA0046F85D /* ListInSwiftUi.swift in Sources */,
				AEEA36222BE7DF1C003DCEB0 /* iOSDevelopmentBootcampApp.swift in Sources */,
				AEF5EA6D2BF1552F0046F85D /* AnotherExampleForState.swift in Sources */,
				AEF5EA6B2BF127130046F85D /* StateAndBinding.swift in Sources */,
			);
			runOnlyForDeploymentPostprocessing = 0;
		};
/* End PBXSourcesBuildPhase section */

/* Begin XCBuildConfiguration section */
		AEEA362D2BE7DF1E003DCEB0 /* Debug */ = {
			isa = XCBuildConfiguration;
			buildSettings = {
				ALWAYS_SEARCH_USER_PATHS = NO;
				ASSETCATALOG_COMPILER_GENERATE_SWIFT_ASSET_SYMBOL_EXTENSIONS = YES;
				CLANG_ANALYZER_NONNULL = YES;
				CLANG_ANALYZER_NUMBER_OBJECT_CONVERSION = YES_AGGRESSIVE;
				CLANG_CXX_LANGUAGE_STANDARD = "gnu++20";
				CLANG_ENABLE_MODULES = YES;
				CLANG_ENABLE_OBJC_ARC = YES;
				CLANG_ENABLE_OBJC_WEAK = YES;
				CLANG_WARN_BLOCK_CAPTURE_AUTORELEASING = YES;
				CLANG_WARN_BOOL_CONVERSION = YES;
				CLANG_WARN_COMMA = YES;
				CLANG_WARN_CONSTANT_CONVERSION = YES;
				CLANG_WARN_DEPRECATED_OBJC_IMPLEMENTATIONS = YES;
				CLANG_WARN_DIRECT_OBJC_ISA_USAGE = YES_ERROR;
				CLANG_WARN_DOCUMENTATION_COMMENTS = YES;
				CLANG_WARN_EMPTY_BODY = YES;
				CLANG_WARN_ENUM_CONVERSION = YES;
				CLANG_WARN_INFINITE_RECURSION = YES;
				CLANG_WARN_INT_CONVERSION = YES;
				CLANG_WARN_NON_LITERAL_NULL_CONVERSION = YES;
				CLANG_WARN_OBJC_IMPLICIT_RETAIN_SELF = YES;
				CLANG_WARN_OBJC_LITERAL_CONVERSION = YES;
				CLANG_WARN_OBJC_ROOT_CLASS = YES_ERROR;
				CLANG_WARN_QUOTED_INCLUDE_IN_FRAMEWORK_HEADER = YES;
				CLANG_WARN_RANGE_LOOP_ANALYSIS = YES;
				CLANG_WARN_STRICT_PROTOTYPES = YES;
				CLANG_WARN_SUSPICIOUS_MOVE = YES;
				CLANG_WARN_UNGUARDED_AVAILABILITY = YES_AGGRESSIVE;
				CLANG_WARN_UNREACHABLE_CODE = YES;
				CLANG_WARN__DUPLICATE_METHOD_MATCH = YES;
				COPY_PHASE_STRIP = NO;
				DEBUG_INFORMATION_FORMAT = dwarf;
				ENABLE_STRICT_OBJC_MSGSEND = YES;
				ENABLE_TESTABILITY = YES;
				ENABLE_USER_SCRIPT_SANDBOXING = YES;
				GCC_C_LANGUAGE_STANDARD = gnu17;
				GCC_DYNAMIC_NO_PIC = NO;
				GCC_NO_COMMON_BLOCKS = YES;
				GCC_OPTIMIZATION_LEVEL = 0;
				GCC_PREPROCESSOR_DEFINITIONS = (
					"DEBUG=1",
					"$(inherited)",
				);
				GCC_WARN_64_TO_32_BIT_CONVERSION = YES;
				GCC_WARN_ABOUT_RETURN_TYPE = YES_ERROR;
				GCC_WARN_UNDECLARED_SELECTOR = YES;
				GCC_WARN_UNINITIALIZED_AUTOS = YES_AGGRESSIVE;
				GCC_WARN_UNUSED_FUNCTION = YES;
				GCC_WARN_UNUSED_VARIABLE = YES;
				LOCALIZATION_PREFERS_STRING_CATALOGS = YES;
				MTL_ENABLE_DEBUG_INFO = INCLUDE_SOURCE;
				MTL_FAST_MATH = YES;
				ONLY_ACTIVE_ARCH = YES;
				SWIFT_ACTIVE_COMPILATION_CONDITIONS = "DEBUG $(inherited)";
				SWIFT_OPTIMIZATION_LEVEL = "-Onone";
			};
			name = Debug;
		};
		AEEA362E2BE7DF1E003DCEB0 /* Release */ = {
			isa = XCBuildConfiguration;
			buildSettings = {
				ALWAYS_SEARCH_USER_PATHS = NO;
				ASSETCATALOG_COMPILER_GENERATE_SWIFT_ASSET_SYMBOL_EXTENSIONS = YES;
				CLANG_ANALYZER_NONNULL = YES;
				CLANG_ANALYZER_NUMBER_OBJECT_CONVERSION = YES_AGGRESSIVE;
				CLANG_CXX_LANGUAGE_STANDARD = "gnu++20";
				CLANG_ENABLE_MODULES = YES;
				CLANG_ENABLE_OBJC_ARC = YES;
				CLANG_ENABLE_OBJC_WEAK = YES;
				CLANG_WARN_BLOCK_CAPTURE_AUTORELEASING = YES;
				CLANG_WARN_BOOL_CONVERSION = YES;
				CLANG_WARN_COMMA = YES;
				CLANG_WARN_CONSTANT_CONVERSION = YES;
				CLANG_WARN_DEPRECATED_OBJC_IMPLEMENTATIONS = YES;
				CLANG_WARN_DIRECT_OBJC_ISA_USAGE = YES_ERROR;
				CLANG_WARN_DOCUMENTATION_COMMENTS = YES;
				CLANG_WARN_EMPTY_BODY = YES;
				CLANG_WARN_ENUM_CONVERSION = YES;
				CLANG_WARN_INFINITE_RECURSION = YES;
				CLANG_WARN_INT_CONVERSION = YES;
				CLANG_WARN_NON_LITERAL_NULL_CONVERSION = YES;
				CLANG_WARN_OBJC_IMPLICIT_RETAIN_SELF = YES;
				CLANG_WARN_OBJC_LITERAL_CONVERSION = YES;
				CLANG_WARN_OBJC_ROOT_CLASS = YES_ERROR;
				CLANG_WARN_QUOTED_INCLUDE_IN_FRAMEWORK_HEADER = YES;
				CLANG_WARN_RANGE_LOOP_ANALYSIS = YES;
				CLANG_WARN_STRICT_PROTOTYPES = YES;
				CLANG_WARN_SUSPICIOUS_MOVE = YES;
				CLANG_WARN_UNGUARDED_AVAILABILITY = YES_AGGRESSIVE;
				CLANG_WARN_UNREACHABLE_CODE = YES;
				CLANG_WARN__DUPLICATE_METHOD_MATCH = YES;
				COPY_PHASE_STRIP = NO;
				DEBUG_INFORMATION_FORMAT = "dwarf-with-dsym";
				ENABLE_NS_ASSERTIONS = NO;
				ENABLE_STRICT_OBJC_MSGSEND = YES;
				ENABLE_USER_SCRIPT_SANDBOXING = YES;
				GCC_C_LANGUAGE_STANDARD = gnu17;
				GCC_NO_COMMON_BLOCKS = YES;
				GCC_WARN_64_TO_32_BIT_CONVERSION = YES;
				GCC_WARN_ABOUT_RETURN_TYPE = YES_ERROR;
				GCC_WARN_UNDECLARED_SELECTOR = YES;
				GCC_WARN_UNINITIALIZED_AUTOS = YES_AGGRESSIVE;
				GCC_WARN_UNUSED_FUNCTION = YES;
				GCC_WARN_UNUSED_VARIABLE = YES;
				LOCALIZATION_PREFERS_STRING_CATALOGS = YES;
				MTL_ENABLE_DEBUG_INFO = NO;
				MTL_FAST_MATH = YES;
				SWIFT_COMPILATION_MODE = wholemodule;
			};
			name = Release;
		};
		AEEA36302BE7DF1E003DCEB0 /* Debug */ = {
			isa = XCBuildConfiguration;
			buildSettings = {
				ASSETCATALOG_COMPILER_APPICON_NAME = AppIcon;
				ASSETCATALOG_COMPILER_GLOBAL_ACCENT_COLOR_NAME = AccentColor;
				CODE_SIGN_ENTITLEMENTS = iOSDevelopmentBootcamp/iOSDevelopmentBootcamp.entitlements;
				CODE_SIGN_STYLE = Automatic;
				CURRENT_PROJECT_VERSION = 1;
				DEVELOPMENT_ASSET_PATHS = "\"iOSDevelopmentBootcamp/Preview Content\"";
				DEVELOPMENT_TEAM = 5C3SB5DK2F;
				ENABLE_HARDENED_RUNTIME = YES;
				ENABLE_PREVIEWS = YES;
				GENERATE_INFOPLIST_FILE = YES;
				"INFOPLIST_KEY_UIApplicationSceneManifest_Generation[sdk=iphoneos*]" = YES;
				"INFOPLIST_KEY_UIApplicationSceneManifest_Generation[sdk=iphonesimulator*]" = YES;
				"INFOPLIST_KEY_UIApplicationSupportsIndirectInputEvents[sdk=iphoneos*]" = YES;
				"INFOPLIST_KEY_UIApplicationSupportsIndirectInputEvents[sdk=iphonesimulator*]" = YES;
				"INFOPLIST_KEY_UILaunchScreen_Generation[sdk=iphoneos*]" = YES;
				"INFOPLIST_KEY_UILaunchScreen_Generation[sdk=iphonesimulator*]" = YES;
				"INFOPLIST_KEY_UIStatusBarStyle[sdk=iphoneos*]" = UIStatusBarStyleDefault;
				"INFOPLIST_KEY_UIStatusBarStyle[sdk=iphonesimulator*]" = UIStatusBarStyleDefault;
				INFOPLIST_KEY_UISupportedInterfaceOrientations_iPad = "UIInterfaceOrientationPortrait UIInterfaceOrientationPortraitUpsideDown UIInterfaceOrientationLandscapeLeft UIInterfaceOrientationLandscapeRight";
				INFOPLIST_KEY_UISupportedInterfaceOrientations_iPhone = "UIInterfaceOrientationPortrait UIInterfaceOrientationLandscapeLeft UIInterfaceOrientationLandscapeRight";
				IPHONEOS_DEPLOYMENT_TARGET = 17.4;
				LD_RUNPATH_SEARCH_PATHS = "@executable_path/Frameworks";
				"LD_RUNPATH_SEARCH_PATHS[sdk=macosx*]" = "@executable_path/../Frameworks";
				MACOSX_DEPLOYMENT_TARGET = 14.0;
				MARKETING_VERSION = 1.0;
				PRODUCT_BUNDLE_IDENTIFIER = com.hakangul.iOSDevelopmentBootcamp;
				PRODUCT_NAME = "$(TARGET_NAME)";
				SDKROOT = auto;
				SUPPORTED_PLATFORMS = "iphoneos iphonesimulator macosx";
				SWIFT_EMIT_LOC_STRINGS = YES;
				SWIFT_VERSION = 5.0;
				TARGETED_DEVICE_FAMILY = "1,2";
			};
			name = Debug;
		};
		AEEA36312BE7DF1E003DCEB0 /* Release */ = {
			isa = XCBuildConfiguration;
			buildSettings = {
				ASSETCATALOG_COMPILER_APPICON_NAME = AppIcon;
				ASSETCATALOG_COMPILER_GLOBAL_ACCENT_COLOR_NAME = AccentColor;
				CODE_SIGN_ENTITLEMENTS = iOSDevelopmentBootcamp/iOSDevelopmentBootcamp.entitlements;
				CODE_SIGN_STYLE = Automatic;
				CURRENT_PROJECT_VERSION = 1;
				DEVELOPMENT_ASSET_PATHS = "\"iOSDevelopmentBootcamp/Preview Content\"";
				DEVELOPMENT_TEAM = 5C3SB5DK2F;
				ENABLE_HARDENED_RUNTIME = YES;
				ENABLE_PREVIEWS = YES;
				GENERATE_INFOPLIST_FILE = YES;
				"INFOPLIST_KEY_UIApplicationSceneManifest_Generation[sdk=iphoneos*]" = YES;
				"INFOPLIST_KEY_UIApplicationSceneManifest_Generation[sdk=iphonesimulator*]" = YES;
				"INFOPLIST_KEY_UIApplicationSupportsIndirectInputEvents[sdk=iphoneos*]" = YES;
				"INFOPLIST_KEY_UIApplicationSupportsIndirectInputEvents[sdk=iphonesimulator*]" = YES;
				"INFOPLIST_KEY_UILaunchScreen_Generation[sdk=iphoneos*]" = YES;
				"INFOPLIST_KEY_UILaunchScreen_Generation[sdk=iphonesimulator*]" = YES;
				"INFOPLIST_KEY_UIStatusBarStyle[sdk=iphoneos*]" = UIStatusBarStyleDefault;
				"INFOPLIST_KEY_UIStatusBarStyle[sdk=iphonesimulator*]" = UIStatusBarStyleDefault;
				INFOPLIST_KEY_UISupportedInterfaceOrientations_iPad = "UIInterfaceOrientationPortrait UIInterfaceOrientationPortraitUpsideDown UIInterfaceOrientationLandscapeLeft UIInterfaceOrientationLandscapeRight";
				INFOPLIST_KEY_UISupportedInterfaceOrientations_iPhone = "UIInterfaceOrientationPortrait UIInterfaceOrientationLandscapeLeft UIInterfaceOrientationLandscapeRight";
				IPHONEOS_DEPLOYMENT_TARGET = 17.4;
				LD_RUNPATH_SEARCH_PATHS = "@executable_path/Frameworks";
				"LD_RUNPATH_SEARCH_PATHS[sdk=macosx*]" = "@executable_path/../Frameworks";
				MACOSX_DEPLOYMENT_TARGET = 14.0;
				MARKETING_VERSION = 1.0;
				PRODUCT_BUNDLE_IDENTIFIER = com.hakangul.iOSDevelopmentBootcamp;
				PRODUCT_NAME = "$(TARGET_NAME)";
				SDKROOT = auto;
				SUPPORTED_PLATFORMS = "iphoneos iphonesimulator macosx";
				SWIFT_EMIT_LOC_STRINGS = YES;
				SWIFT_VERSION = 5.0;
				TARGETED_DEVICE_FAMILY = "1,2";
			};
			name = Release;
		};
/* End XCBuildConfiguration section */

/* Begin XCConfigurationList section */
		AEEA36192BE7DF1C003DCEB0 /* Build configuration list for PBXProject "iOSDevelopmentBootcamp" */ = {
			isa = XCConfigurationList;
			buildConfigurations = (
				AEEA362D2BE7DF1E003DCEB0 /* Debug */,
				AEEA362E2BE7DF1E003DCEB0 /* Release */,
			);
			defaultConfigurationIsVisible = 0;
			defaultConfigurationName = Release;
		};
		AEEA362F2BE7DF1E003DCEB0 /* Build configuration list for PBXNativeTarget "iOSDevelopmentBootcamp" */ = {
			isa = XCConfigurationList;
			buildConfigurations = (
				AEEA36302BE7DF1E003DCEB0 /* Debug */,
				AEEA36312BE7DF1E003DCEB0 /* Release */,
			);
			defaultConfigurationIsVisible = 0;
			defaultConfigurationName = Release;
		};
/* End XCConfigurationList section */
	};
	rootObject = AEEA36162BE7DF1C003DCEB0 /* Project object */;
}
